// !$*UTF8*$!
{
	archiveVersion = 1;
	classes = {
	};
	objectVersion = 56;
	objects = {

/* Begin PBXBuildFile section */
		DC76CB8B2B521A2000FE3C91 /* AppDelegate.swift in Sources */ = {isa = PBXBuildFile; fileRef = DC76CB8A2B521A2000FE3C91 /* AppDelegate.swift */; };
		DC76CB8D2B521A2000FE3C91 /* SceneDelegate.swift in Sources */ = {isa = PBXBuildFile; fileRef = DC76CB8C2B521A2000FE3C91 /* SceneDelegate.swift */; };
		DC76CB942B521A2100FE3C91 /* Assets.xcassets in Resources */ = {isa = PBXBuildFile; fileRef = DC76CB932B521A2100FE3C91 /* Assets.xcassets */; };
		DC76CB972B521A2100FE3C91 /* LaunchScreen.storyboard in Resources */ = {isa = PBXBuildFile; fileRef = DC76CB952B521A2100FE3C91 /* LaunchScreen.storyboard */; };
		DC76CBA02B521F3700FE3C91 /* CoreNetwork in Frameworks */ = {isa = PBXBuildFile; productRef = DC76CB9F2B521F3700FE3C91 /* CoreNetwork */; };
		DC76CBA42B52209700FE3C91 /* AppEnvironment in Frameworks */ = {isa = PBXBuildFile; productRef = DC76CBA32B52209700FE3C91 /* AppEnvironment */; };
		DC76CBA62B52209C00FE3C91 /* Extensions in Frameworks */ = {isa = PBXBuildFile; productRef = DC76CBA52B52209C00FE3C91 /* Extensions */; };
		DC76CBAA2B5228C000FE3C91 /* MoviesAPI in Frameworks */ = {isa = PBXBuildFile; productRef = DC76CBA92B5228C000FE3C91 /* MoviesAPI */; };
		DC76CBAC2B522C8100FE3C91 /* Domain in Frameworks */ = {isa = PBXBuildFile; productRef = DC76CBAB2B522C8100FE3C91 /* Domain */; };
		DC76CBAE2B5235D500FE3C91 /* Data in Frameworks */ = {isa = PBXBuildFile; productRef = DC76CBAD2B5235D500FE3C91 /* Data */; };
		DC76CBB62B52D0A300FE3C91 /* Presentation in Frameworks */ = {isa = PBXBuildFile; productRef = DC76CBB52B52D0A300FE3C91 /* Presentation */; };
		DC76CBB82B52F4DC00FE3C91 /* ImageCache in Frameworks */ = {isa = PBXBuildFile; productRef = DC76CBB72B52F4DC00FE3C91 /* ImageCache */; };
		DC76CBBA2B531E9200FE3C91 /* AppCoordinator.swift in Sources */ = {isa = PBXBuildFile; fileRef = DC76CBB92B531E9200FE3C91 /* AppCoordinator.swift */; };
/* End PBXBuildFile section */

/* Begin PBXFileReference section */
		DC29B35A2B540A1200B77CDD /* MoviesAppTestPlan.xctestplan */ = {isa = PBXFileReference; lastKnownFileType = text; path = MoviesAppTestPlan.xctestplan; sourceTree = "<group>"; };
		DC76CB872B521A2000FE3C91 /* MoviesApp.app */ = {isa = PBXFileReference; explicitFileType = wrapper.application; includeInIndex = 0; path = MoviesApp.app; sourceTree = BUILT_PRODUCTS_DIR; };
		DC76CB8A2B521A2000FE3C91 /* AppDelegate.swift */ = {isa = PBXFileReference; lastKnownFileType = sourcecode.swift; path = AppDelegate.swift; sourceTree = "<group>"; };
		DC76CB8C2B521A2000FE3C91 /* SceneDelegate.swift */ = {isa = PBXFileReference; lastKnownFileType = sourcecode.swift; path = SceneDelegate.swift; sourceTree = "<group>"; };
		DC76CB932B521A2100FE3C91 /* Assets.xcassets */ = {isa = PBXFileReference; lastKnownFileType = folder.assetcatalog; path = Assets.xcassets; sourceTree = "<group>"; };
		DC76CB962B521A2100FE3C91 /* Base */ = {isa = PBXFileReference; lastKnownFileType = file.storyboard; name = Base; path = Base.lproj/LaunchScreen.storyboard; sourceTree = "<group>"; };
		DC76CB982B521A2100FE3C91 /* Info.plist */ = {isa = PBXFileReference; lastKnownFileType = text.plist.xml; path = Info.plist; sourceTree = "<group>"; };
		DC76CBA22B521F7000FE3C91 /* MoviesApp.xcconfig */ = {isa = PBXFileReference; lastKnownFileType = text.xcconfig; path = MoviesApp.xcconfig; sourceTree = "<group>"; };
		DC76CBB92B531E9200FE3C91 /* AppCoordinator.swift */ = {isa = PBXFileReference; lastKnownFileType = sourcecode.swift; path = AppCoordinator.swift; sourceTree = "<group>"; };
/* End PBXFileReference section */

/* Begin PBXFrameworksBuildPhase section */
		DC76CB842B521A2000FE3C91 /* Frameworks */ = {
			isa = PBXFrameworksBuildPhase;
			buildActionMask = 2147483647;
			files = (
				DC76CBAC2B522C8100FE3C91 /* Domain in Frameworks */,
				DC76CBB82B52F4DC00FE3C91 /* ImageCache in Frameworks */,
				DC76CBA62B52209C00FE3C91 /* Extensions in Frameworks */,
				DC76CBAE2B5235D500FE3C91 /* Data in Frameworks */,
				DC76CBA42B52209700FE3C91 /* AppEnvironment in Frameworks */,
				DC76CBAA2B5228C000FE3C91 /* MoviesAPI in Frameworks */,
				DC76CBA02B521F3700FE3C91 /* CoreNetwork in Frameworks */,
				DC76CBB62B52D0A300FE3C91 /* Presentation in Frameworks */,
			);
			runOnlyForDeploymentPostprocessing = 0;
		};
/* End PBXFrameworksBuildPhase section */

/* Begin PBXGroup section */
		DC76CB7E2B521A2000FE3C91 = {
			isa = PBXGroup;
			children = (
				DC29B35A2B540A1200B77CDD /* MoviesAppTestPlan.xctestplan */,
				DC76CB892B521A2000FE3C91 /* MoviesApp */,
				DC76CB882B521A2000FE3C91 /* Products */,
				DC76CB9E2B521F3700FE3C91 /* Frameworks */,
			);
			sourceTree = "<group>";
		};
		DC76CB882B521A2000FE3C91 /* Products */ = {
			isa = PBXGroup;
			children = (
				DC76CB872B521A2000FE3C91 /* MoviesApp.app */,
			);
			name = Products;
			sourceTree = "<group>";
		};
		DC76CB892B521A2000FE3C91 /* MoviesApp */ = {
			isa = PBXGroup;
			children = (
				DC76CB982B521A2100FE3C91 /* Info.plist */,
				DC76CBA82B5220DA00FE3C91 /* App */,
				DC76CBA12B521F5A00FE3C91 /* Configuration */,
				DC76CBA72B5220BE00FE3C91 /* Resources */,
			);
			path = MoviesApp;
			sourceTree = "<group>";
		};
		DC76CB9E2B521F3700FE3C91 /* Frameworks */ = {
			isa = PBXGroup;
			children = (
			);
			name = Frameworks;
			sourceTree = "<group>";
		};
		DC76CBA12B521F5A00FE3C91 /* Configuration */ = {
			isa = PBXGroup;
			children = (
				DC76CBA22B521F7000FE3C91 /* MoviesApp.xcconfig */,
			);
			path = Configuration;
			sourceTree = "<group>";
		};
		DC76CBA72B5220BE00FE3C91 /* Resources */ = {
			isa = PBXGroup;
			children = (
				DC76CB952B521A2100FE3C91 /* LaunchScreen.storyboard */,
				DC76CB932B521A2100FE3C91 /* Assets.xcassets */,
			);
			path = Resources;
			sourceTree = "<group>";
		};
		DC76CBA82B5220DA00FE3C91 /* App */ = {
			isa = PBXGroup;
			children = (
				DC76CB8A2B521A2000FE3C91 /* AppDelegate.swift */,
				DC76CB8C2B521A2000FE3C91 /* SceneDelegate.swift */,
				DC76CBB92B531E9200FE3C91 /* AppCoordinator.swift */,
			);
			path = App;
			sourceTree = "<group>";
		};
/* End PBXGroup section */

/* Begin PBXNativeTarget section */
		DC76CB862B521A2000FE3C91 /* MoviesApp */ = {
			isa = PBXNativeTarget;
			buildConfigurationList = DC76CB9B2B521A2100FE3C91 /* Build configuration list for PBXNativeTarget "MoviesApp" */;
			buildPhases = (
				DC76CB832B521A2000FE3C91 /* Sources */,
				DC76CB842B521A2000FE3C91 /* Frameworks */,
				DC76CB852B521A2000FE3C91 /* Resources */,
			);
			buildRules = (
			);
			dependencies = (
			);
			name = MoviesApp;
			packageProductDependencies = (
				DC76CB9F2B521F3700FE3C91 /* CoreNetwork */,
				DC76CBA32B52209700FE3C91 /* AppEnvironment */,
				DC76CBA52B52209C00FE3C91 /* Extensions */,
				DC76CBA92B5228C000FE3C91 /* MoviesAPI */,
				DC76CBAB2B522C8100FE3C91 /* Domain */,
				DC76CBAD2B5235D500FE3C91 /* Data */,
				DC76CBB52B52D0A300FE3C91 /* Presentation */,
				DC76CBB72B52F4DC00FE3C91 /* ImageCache */,
			);
			productName = MoviesApp;
			productReference = DC76CB872B521A2000FE3C91 /* MoviesApp.app */;
			productType = "com.apple.product-type.application";
		};
/* End PBXNativeTarget section */

/* Begin PBXProject section */
		DC76CB7F2B521A2000FE3C91 /* Project object */ = {
			isa = PBXProject;
			attributes = {
				BuildIndependentTargetsInParallel = 1;
				LastSwiftUpdateCheck = 1500;
				LastUpgradeCheck = 1500;
				TargetAttributes = {
					DC76CB862B521A2000FE3C91 = {
						CreatedOnToolsVersion = 15.0;
					};
				};
			};
			buildConfigurationList = DC76CB822B521A2000FE3C91 /* Build configuration list for PBXProject "MoviesApp" */;
			compatibilityVersion = "Xcode 14.0";
			developmentRegion = en;
			hasScannedForEncodings = 0;
			knownRegions = (
				en,
				Base,
			);
			mainGroup = DC76CB7E2B521A2000FE3C91;
			productRefGroup = DC76CB882B521A2000FE3C91 /* Products */;
			projectDirPath = "";
			projectRoot = "";
			targets = (
				DC76CB862B521A2000FE3C91 /* MoviesApp */,
			);
		};
/* End PBXProject section */

/* Begin PBXResourcesBuildPhase section */
		DC76CB852B521A2000FE3C91 /* Resources */ = {
			isa = PBXResourcesBuildPhase;
			buildActionMask = 2147483647;
			files = (
				DC76CB972B521A2100FE3C91 /* LaunchScreen.storyboard in Resources */,
				DC76CB942B521A2100FE3C91 /* Assets.xcassets in Resources */,
			);
			runOnlyForDeploymentPostprocessing = 0;
		};
/* End PBXResourcesBuildPhase section */

/* Begin PBXSourcesBuildPhase section */
		DC76CB832B521A2000FE3C91 /* Sources */ = {
			isa = PBXSourcesBuildPhase;
			buildActionMask = 2147483647;
			files = (
				DC76CBBA2B531E9200FE3C91 /* AppCoordinator.swift in Sources */,
				DC76CB8B2B521A2000FE3C91 /* AppDelegate.swift in Sources */,
				DC76CB8D2B521A2000FE3C91 /* SceneDelegate.swift in Sources */,
			);
			runOnlyForDeploymentPostprocessing = 0;
		};
/* End PBXSourcesBuildPhase section */

/* Begin PBXVariantGroup section */
		DC76CB952B521A2100FE3C91 /* LaunchScreen.storyboard */ = {
			isa = PBXVariantGroup;
			children = (
				DC76CB962B521A2100FE3C91 /* Base */,
			);
			name = LaunchScreen.storyboard;
			sourceTree = "<group>";
		};
/* End PBXVariantGroup section */

/* Begin XCBuildConfiguration section */
		DC76CB992B521A2100FE3C91 /* Debug */ = {
			isa = XCBuildConfiguration;
			baseConfigurationReference = DC76CBA22B521F7000FE3C91 /* MoviesApp.xcconfig */;
			buildSettings = {
				ALWAYS_SEARCH_USER_PATHS = NO;
				ASSETCATALOG_COMPILER_GENERATE_SWIFT_ASSET_SYMBOL_EXTENSIONS = YES;
				CLANG_ANALYZER_NONNULL = YES;
				CLANG_ANALYZER_NUMBER_OBJECT_CONVERSION = YES_AGGRESSIVE;
				CLANG_CXX_LANGUAGE_STANDARD = "gnu++20";
				CLANG_ENABLE_MODULES = YES;
				CLANG_ENABLE_OBJC_ARC = YES;
				CLANG_ENABLE_OBJC_WEAK = YES;
				CLANG_WARN_BLOCK_CAPTURE_AUTORELEASING = YES;
				CLANG_WARN_BOOL_CONVERSION = YES;
				CLANG_WARN_COMMA = YES;
				CLANG_WARN_CONSTANT_CONVERSION = YES;
				CLANG_WARN_DEPRECATED_OBJC_IMPLEMENTATIONS = YES;
				CLANG_WARN_DIRECT_OBJC_ISA_USAGE = YES_ERROR;
				CLANG_WARN_DOCUMENTATION_COMMENTS = YES;
				CLANG_WARN_EMPTY_BODY = YES;
				CLANG_WARN_ENUM_CONVERSION = YES;
				CLANG_WARN_INFINITE_RECURSION = YES;
				CLANG_WARN_INT_CONVERSION = YES;
				CLANG_WARN_NON_LITERAL_NULL_CONVERSION = YES;
				CLANG_WARN_OBJC_IMPLICIT_RETAIN_SELF = YES;
				CLANG_WARN_OBJC_LITERAL_CONVERSION = YES;
				CLANG_WARN_OBJC_ROOT_CLASS = YES_ERROR;
				CLANG_WARN_QUOTED_INCLUDE_IN_FRAMEWORK_HEADER = YES;
				CLANG_WARN_RANGE_LOOP_ANALYSIS = YES;
				CLANG_WARN_STRICT_PROTOTYPES = YES;
				CLANG_WARN_SUSPICIOUS_MOVE = YES;
				CLANG_WARN_UNGUARDED_AVAILABILITY = YES_AGGRESSIVE;
				CLANG_WARN_UNREACHABLE_CODE = YES;
				CLANG_WARN__DUPLICATE_METHOD_MATCH = YES;
				COPY_PHASE_STRIP = NO;
				DEBUG_INFORMATION_FORMAT = dwarf;
				ENABLE_STRICT_OBJC_MSGSEND = YES;
				ENABLE_TESTABILITY = YES;
				ENABLE_USER_SCRIPT_SANDBOXING = YES;
				GCC_C_LANGUAGE_STANDARD = gnu17;
				GCC_DYNAMIC_NO_PIC = NO;
				GCC_NO_COMMON_BLOCKS = YES;
				GCC_OPTIMIZATION_LEVEL = 0;
				GCC_PREPROCESSOR_DEFINITIONS = (
					"DEBUG=1",
					"$(inherited)",
				);
				GCC_WARN_64_TO_32_BIT_CONVERSION = YES;
				GCC_WARN_ABOUT_RETURN_TYPE = YES_ERROR;
				GCC_WARN_UNDECLARED_SELECTOR = YES;
				GCC_WARN_UNINITIALIZED_AUTOS = YES_AGGRESSIVE;
				GCC_WARN_UNUSED_FUNCTION = YES;
				GCC_WARN_UNUSED_VARIABLE = YES;
				IPHONEOS_DEPLOYMENT_TARGET = 17.0;
				LOCALIZATION_PREFERS_STRING_CATALOGS = YES;
				MTL_ENABLE_DEBUG_INFO = INCLUDE_SOURCE;
				MTL_FAST_MATH = YES;
				ONLY_ACTIVE_ARCH = YES;
				SDKROOT = iphoneos;
				SWIFT_ACTIVE_COMPILATION_CONDITIONS = "DEBUG $(inherited)";
				SWIFT_OPTIMIZATION_LEVEL = "-Onone";
			};
			name = Debug;
		};
		DC76CB9A2B521A2100FE3C91 /* Release */ = {
			isa = XCBuildConfiguration;
			baseConfigurationReference = DC76CBA22B521F7000FE3C91 /* MoviesApp.xcconfig */;
			buildSettings = {
				ALWAYS_SEARCH_USER_PATHS = NO;
				ASSETCATALOG_COMPILER_GENERATE_SWIFT_ASSET_SYMBOL_EXTENSIONS = YES;
				CLANG_ANALYZER_NONNULL = YES;
				CLANG_ANALYZER_NUMBER_OBJECT_CONVERSION = YES_AGGRESSIVE;
				CLANG_CXX_LANGUAGE_STANDARD = "gnu++20";
				CLANG_ENABLE_MODULES = YES;
				CLANG_ENABLE_OBJC_ARC = YES;
				CLANG_ENABLE_OBJC_WEAK = YES;
				CLANG_WARN_BLOCK_CAPTURE_AUTORELEASING = YES;
				CLANG_WARN_BOOL_CONVERSION = YES;
				CLANG_WARN_COMMA = YES;
				CLANG_WARN_CONSTANT_CONVERSION = YES;
				CLANG_WARN_DEPRECATED_OBJC_IMPLEMENTATIONS = YES;
				CLANG_WARN_DIRECT_OBJC_ISA_USAGE = YES_ERROR;
				CLANG_WARN_DOCUMENTATION_COMMENTS = YES;
				CLANG_WARN_EMPTY_BODY = YES;
				CLANG_WARN_ENUM_CONVERSION = YES;
				CLANG_WARN_INFINITE_RECURSION = YES;
				CLANG_WARN_INT_CONVERSION = YES;
				CLANG_WARN_NON_LITERAL_NULL_CONVERSION = YES;
				CLANG_WARN_OBJC_IMPLICIT_RETAIN_SELF = YES;
				CLANG_WARN_OBJC_LITERAL_CONVERSION = YES;
				CLANG_WARN_OBJC_ROOT_CLASS = YES_ERROR;
				CLANG_WARN_QUOTED_INCLUDE_IN_FRAMEWORK_HEADER = YES;
				CLANG_WARN_RANGE_LOOP_ANALYSIS = YES;
				CLANG_WARN_STRICT_PROTOTYPES = YES;
				CLANG_WARN_SUSPICIOUS_MOVE = YES;
				CLANG_WARN_UNGUARDED_AVAILABILITY = YES_AGGRESSIVE;
				CLANG_WARN_UNREACHABLE_CODE = YES;
				CLANG_WARN__DUPLICATE_METHOD_MATCH = YES;
				COPY_PHASE_STRIP = NO;
				DEBUG_INFORMATION_FORMAT = "dwarf-with-dsym";
				ENABLE_NS_ASSERTIONS = NO;
				ENABLE_STRICT_OBJC_MSGSEND = YES;
				ENABLE_USER_SCRIPT_SANDBOXING = YES;
				GCC_C_LANGUAGE_STANDARD = gnu17;
				GCC_NO_COMMON_BLOCKS = YES;
				GCC_WARN_64_TO_32_BIT_CONVERSION = YES;
				GCC_WARN_ABOUT_RETURN_TYPE = YES_ERROR;
				GCC_WARN_UNDECLARED_SELECTOR = YES;
				GCC_WARN_UNINITIALIZED_AUTOS = YES_AGGRESSIVE;
				GCC_WARN_UNUSED_FUNCTION = YES;
				GCC_WARN_UNUSED_VARIABLE = YES;
				IPHONEOS_DEPLOYMENT_TARGET = 17.0;
				LOCALIZATION_PREFERS_STRING_CATALOGS = YES;
				MTL_ENABLE_DEBUG_INFO = NO;
				MTL_FAST_MATH = YES;
				SDKROOT = iphoneos;
				SWIFT_COMPILATION_MODE = wholemodule;
				VALIDATE_PRODUCT = YES;
			};
			name = Release;
		};
		DC76CB9C2B521A2100FE3C91 /* Debug */ = {
			isa = XCBuildConfiguration;
			buildSettings = {
				ASSETCATALOG_COMPILER_APPICON_NAME = AppIcon;
				ASSETCATALOG_COMPILER_GLOBAL_ACCENT_COLOR_NAME = AccentColor;
				CODE_SIGN_STYLE = Automatic;
				CURRENT_PROJECT_VERSION = 1;
				GENERATE_INFOPLIST_FILE = YES;
				INFOPLIST_FILE = MoviesApp/Info.plist;
				INFOPLIST_KEY_UIApplicationSupportsIndirectInputEvents = YES;
				INFOPLIST_KEY_UILaunchStoryboardName = LaunchScreen;
				INFOPLIST_KEY_UIMainStoryboardFile = "";
				INFOPLIST_KEY_UISupportedInterfaceOrientations = UIInterfaceOrientationPortrait;
				LD_RUNPATH_SEARCH_PATHS = (
					"$(inherited)",
					"@executable_path/Frameworks",
				);
				MARKETING_VERSION = 1.0;
				PRODUCT_BUNDLE_IDENTIFIER = com.yassir.MoviesApp;
				PRODUCT_NAME = "$(TARGET_NAME)";
				SWIFT_EMIT_LOC_STRINGS = YES;
				SWIFT_VERSION = 5.0;
				TARGETED_DEVICE_FAMILY = "1,2";
			};
			name = Debug;
		};
		DC76CB9D2B521A2100FE3C91 /* Release */ = {
			isa = XCBuildConfiguration;
			buildSettings = {
				ASSETCATALOG_COMPILER_APPICON_NAME = AppIcon;
				ASSETCATALOG_COMPILER_GLOBAL_ACCENT_COLOR_NAME = AccentColor;
				CODE_SIGN_STYLE = Automatic;
				CURRENT_PROJECT_VERSION = 1;
				GENERATE_INFOPLIST_FILE = YES;
				INFOPLIST_FILE = MoviesApp/Info.plist;
				INFOPLIST_KEY_UIApplicationSupportsIndirectInputEvents = YES;
				INFOPLIST_KEY_UILaunchStoryboardName = LaunchScreen;
				INFOPLIST_KEY_UIMainStoryboardFile = "";
				INFOPLIST_KEY_UISupportedInterfaceOrientations = UIInterfaceOrientationPortrait;
				LD_RUNPATH_SEARCH_PATHS = (
					"$(inherited)",
					"@executable_path/Frameworks",
				);
				MARKETING_VERSION = 1.0;
				PRODUCT_BUNDLE_IDENTIFIER = com.yassir.MoviesApp;
				PRODUCT_NAME = "$(TARGET_NAME)";
				SWIFT_EMIT_LOC_STRINGS = YES;
				SWIFT_VERSION = 5.0;
				TARGETED_DEVICE_FAMILY = "1,2";
			};
			name = Release;
		};
/* End XCBuildConfiguration section */

/* Begin XCConfigurationList section */
		DC76CB822B521A2000FE3C91 /* Build configuration list for PBXProject "MoviesApp" */ = {
			isa = XCConfigurationList;
			buildConfigurations = (
				DC76CB992B521A2100FE3C91 /* Debug */,
				DC76CB9A2B521A2100FE3C91 /* Release */,
			);
			defaultConfigurationIsVisible = 0;
			defaultConfigurationName = Release;
		};
		DC76CB9B2B521A2100FE3C91 /* Build configuration list for PBXNativeTarget "MoviesApp" */ = {
			isa = XCConfigurationList;
			buildConfigurations = (
				DC76CB9C2B521A2100FE3C91 /* Debug */,
				DC76CB9D2B521A2100FE3C91 /* Release */,
			);
			defaultConfigurationIsVisible = 0;
			defaultConfigurationName = Release;
		};
/* End XCConfigurationList section */

/* Begin XCSwiftPackageProductDependency section */
		DC76CB9F2B521F3700FE3C91 /* CoreNetwork */ = {
			isa = XCSwiftPackageProductDependency;
			productName = CoreNetwork;
		};
		DC76CBA32B52209700FE3C91 /* AppEnvironment */ = {
			isa = XCSwiftPackageProductDependency;
			productName = AppEnvironment;
		};
		DC76CBA52B52209C00FE3C91 /* Extensions */ = {
			isa = XCSwiftPackageProductDependency;
			productName = Extensions;
		};
		DC76CBA92B5228C000FE3C91 /* MoviesAPI */ = {
			isa = XCSwiftPackageProductDependency;
			productName = MoviesAPI;
		};
		DC76CBAB2B522C8100FE3C91 /* Domain */ = {
			isa = XCSwiftPackageProductDependency;
			productName = Domain;
		};
		DC76CBAD2B5235D500FE3C91 /* Data */ = {
			isa = XCSwiftPackageProductDependency;
			productName = Data;
		};
		DC76CBB52B52D0A300FE3C91 /* Presentation */ = {
			isa = XCSwiftPackageProductDependency;
			productName = Presentation;
		};
		DC76CBB72B52F4DC00FE3C91 /* ImageCache */ = {
			isa = XCSwiftPackageProductDependency;
			productName = ImageCache;
		};
/* End XCSwiftPackageProductDependency section */
	};
	rootObject = DC76CB7F2B521A2000FE3C91 /* Project object */;
}
